{
  "object": {
    "pins": [
      {
        "package": "Treco",
        "repositoryURL": "https://github.com/pedrocontine/Treco",
        "state": {
          "branch": "main",
          "revision": "ade171b326a41143db67b3ff3e38bcabe1473edd",
          "version": null
        }
      }
    ]
  },
  "version": 1
}
