{
  "object": {
    "pins": [
      {
        "package": "Treco",
        "repositoryURL": "https://github.com/pedrocontine/Treco",
        "state": {
          "branch": "main",
          "revision": "93d7568f81942956078a8f6b3417079d04f05610",
          "version": null
        }
      }
    ]
  },
  "version": 1
}
