{
  "object": {
    "pins": [
      {
        "package": "Treco",
        "repositoryURL": "https://github.com/pedrocontine/Treco",
        "state": {
          "branch": "main",
          "revision": "9ed7d664c4161375673213b17a4870d43243f736",
          "version": null
        }
      }
    ]
  },
  "version": 1
}
